
Microsoft Visual Studio Solution File, Format Version 12.00
# Visual Studio Version 17
VisualStudioVersion = 17.14.36127.28 d17.14
MinimumVisualStudioVersion = 10.0.40219.1
Project("{FAE04EC0-301F-11D3-BF4B-00C04F79EFBC}") = "SRRAMOils", "SRRAMOils.csproj", "{EE79AF2F-6253-4659-AA78-ABF34CD3A67D}"
EndProject
Global
	GlobalSection(SolutionConfigurationPlatforms) = preSolution
		Debug|Any CPU = Debug|Any CPU
		Release|Any CPU = Release|Any CPU
	EndGlobalSection
	GlobalSection(ProjectConfigurationPlatforms) = postSolution
		{EE79AF2F-6253-4659-AA78-ABF34CD3A67D}.Debug|Any CPU.ActiveCfg = Debug|Any CPU
		{EE79AF2F-6253-4659-AA78-ABF34CD3A67D}.Debug|Any CPU.Build.0 = Debug|Any CPU
		{EE79AF2F-6253-4659-AA78-ABF34CD3A67D}.Release|Any CPU.ActiveCfg = Release|Any CPU
		{EE79AF2F-6253-4659-AA78-ABF34CD3A67D}.Release|Any CPU.Build.0 = Release|Any CPU
	EndGlobalSection
	GlobalSection(SolutionProperties) = preSolution
		HideSolutionNode = FALSE
	EndGlobalSection
	GlobalSection(ExtensibilityGlobals) = postSolution
		SolutionGuid = {4023EF1E-C5DD-4665-94D7-85072E80F7A5}
	EndGlobalSection
EndGlobal
